annotated-types==0.7.0 \
    --hash=sha256:1f02e8b43a8fbbc3f3e0d4f0f4bfc8131bcb4eebe8849b8e5c773f3a1c582a53
pydantic==2.8.2 \
    --hash=sha256:73ee9fddd406dc318b885c7a2eab8a6472b68b8fb5ba8150949fc3db939f23c8
pydantic-core==2.20.1 \
    --hash=sha256:d3f3ed29cd9f978c604708511a1f9c2fdcb6c38b9aae36a51905b8811ee5cbf1
psycopg2-binary==2.9.9 \
    --hash=sha256:977646e05232579d2e7b9c59e21dbe5261f403a88417f6a6512e70d3f8a046be
typing-extensions==4.15.0 \
    --hash=sha256:f0fa19c6845758ab08074a0cfa8b7aecb71c999ca73d62883bc25cc018c4e548
